
Microsoft Visual Studio Solution File, Format Version 12.00
# Visual Studio Version 16
VisualStudioVersion = 16.0.30804.86
MinimumVisualStudioVersion = 10.0.40219.1
Project("{FAE04EC0-301F-11D3-BF4B-00C04F79EFBC}") = "HandsOnMVCUsingJsonAndAjax", "HandsOnMVCUsingJsonAndAjax\HandsOnMVCUsingJsonAndAjax.csproj", "{DC8AD832-A96E-47F4-B415-20C7A7DD68E2}"
EndProject
Global
	GlobalSection(SolutionConfigurationPlatforms) = preSolution
		Debug|Any CPU = Debug|Any CPU
		Release|Any CPU = Release|Any CPU
	EndGlobalSection
	GlobalSection(ProjectConfigurationPlatforms) = postSolution
		{DC8AD832-A96E-47F4-B415-20C7A7DD68E2}.Debug|Any CPU.ActiveCfg = Debug|Any CPU
		{DC8AD832-A96E-47F4-B415-20C7A7DD68E2}.Debug|Any CPU.Build.0 = Debug|Any CPU
		{DC8AD832-A96E-47F4-B415-20C7A7DD68E2}.Release|Any CPU.ActiveCfg = Release|Any CPU
		{DC8AD832-A96E-47F4-B415-20C7A7DD68E2}.Release|Any CPU.Build.0 = Release|Any CPU
	EndGlobalSection
	GlobalSection(SolutionProperties) = preSolution
		HideSolutionNode = FALSE
	EndGlobalSection
	GlobalSection(ExtensibilityGlobals) = postSolution
		SolutionGuid = {6A9DF646-1578-4909-BA68-226E621B8166}
	EndGlobalSection
EndGlobal
