
Microsoft Visual Studio Solution File, Format Version 12.00
# Visual Studio Version 16
VisualStudioVersion = 16.0.30523.141
MinimumVisualStudioVersion = 10.0.40219.1
Project("{FAE04EC0-301F-11D3-BF4B-00C04F79EFBC}") = "Day6.DataMembers", "Day6.DataMembers\Day6.DataMembers.csproj", "{215B9440-1D80-4820-9F6B-FE043FC192D8}"
EndProject
Project("{FAE04EC0-301F-11D3-BF4B-00C04F79EFBC}") = "Day6.CharpHandsOn.Properties", "Day6.CharpHandsOn.Properties\Day6.CharpHandsOn.Properties.csproj", "{D2C394ED-3882-49A4-A775-1C2CF4191809}"
EndProject
Project("{FAE04EC0-301F-11D3-BF4B-00C04F79EFBC}") = "Day6.Inheritance", "Day6.Inheritance\Day6.Inheritance.csproj", "{E1BCD236-1976-43B7-9E6A-5593955142D6}"
EndProject
Global
	GlobalSection(SolutionConfigurationPlatforms) = preSolution
		Debug|Any CPU = Debug|Any CPU
		Release|Any CPU = Release|Any CPU
	EndGlobalSection
	GlobalSection(ProjectConfigurationPlatforms) = postSolution
		{215B9440-1D80-4820-9F6B-FE043FC192D8}.Debug|Any CPU.ActiveCfg = Debug|Any CPU
		{215B9440-1D80-4820-9F6B-FE043FC192D8}.Debug|Any CPU.Build.0 = Debug|Any CPU
		{215B9440-1D80-4820-9F6B-FE043FC192D8}.Release|Any CPU.ActiveCfg = Release|Any CPU
		{215B9440-1D80-4820-9F6B-FE043FC192D8}.Release|Any CPU.Build.0 = Release|Any CPU
		{D2C394ED-3882-49A4-A775-1C2CF4191809}.Debug|Any CPU.ActiveCfg = Debug|Any CPU
		{D2C394ED-3882-49A4-A775-1C2CF4191809}.Debug|Any CPU.Build.0 = Debug|Any CPU
		{D2C394ED-3882-49A4-A775-1C2CF4191809}.Release|Any CPU.ActiveCfg = Release|Any CPU
		{D2C394ED-3882-49A4-A775-1C2CF4191809}.Release|Any CPU.Build.0 = Release|Any CPU
		{E1BCD236-1976-43B7-9E6A-5593955142D6}.Debug|Any CPU.ActiveCfg = Debug|Any CPU
		{E1BCD236-1976-43B7-9E6A-5593955142D6}.Debug|Any CPU.Build.0 = Debug|Any CPU
		{E1BCD236-1976-43B7-9E6A-5593955142D6}.Release|Any CPU.ActiveCfg = Release|Any CPU
		{E1BCD236-1976-43B7-9E6A-5593955142D6}.Release|Any CPU.Build.0 = Release|Any CPU
	EndGlobalSection
	GlobalSection(SolutionProperties) = preSolution
		HideSolutionNode = FALSE
	EndGlobalSection
	GlobalSection(ExtensibilityGlobals) = postSolution
		SolutionGuid = {D2B41788-51C5-46A7-BE78-AF9B320D414B}
	EndGlobalSection
EndGlobal
