
Microsoft Visual Studio Solution File, Format Version 12.00
# Visual Studio Version 16
VisualStudioVersion = 16.0.30804.86
MinimumVisualStudioVersion = 10.0.40219.1
Project("{FAE04EC0-301F-11D3-BF4B-00C04F79EFBC}") = "HandsOnWebAPIUsingControllerAndModels", "HandsOnWebAPIUsingControllerAndModels\HandsOnWebAPIUsingControllerAndModels.csproj", "{C943166B-9CF1-469A-A079-78D5988C781F}"
EndProject
Global
	GlobalSection(SolutionConfigurationPlatforms) = preSolution
		Debug|Any CPU = Debug|Any CPU
		Release|Any CPU = Release|Any CPU
	EndGlobalSection
	GlobalSection(ProjectConfigurationPlatforms) = postSolution
		{C943166B-9CF1-469A-A079-78D5988C781F}.Debug|Any CPU.ActiveCfg = Debug|Any CPU
		{C943166B-9CF1-469A-A079-78D5988C781F}.Debug|Any CPU.Build.0 = Debug|Any CPU
		{C943166B-9CF1-469A-A079-78D5988C781F}.Release|Any CPU.ActiveCfg = Release|Any CPU
		{C943166B-9CF1-469A-A079-78D5988C781F}.Release|Any CPU.Build.0 = Release|Any CPU
	EndGlobalSection
	GlobalSection(SolutionProperties) = preSolution
		HideSolutionNode = FALSE
	EndGlobalSection
	GlobalSection(ExtensibilityGlobals) = postSolution
		SolutionGuid = {2586D33E-0BDD-4765-895C-2CA71A77F426}
	EndGlobalSection
EndGlobal
