
Microsoft Visual Studio Solution File, Format Version 12.00
# Visual Studio Version 16
VisualStudioVersion = 16.0.30711.63
MinimumVisualStudioVersion = 10.0.40219.1
Project("{FAE04EC0-301F-11D3-BF4B-00C04F79EFBC}") = "Day7.HandsOnCollections.NonGeneric", "Day7.HandsOnCollections.NonGeneric\Day7.HandsOnCollections.NonGeneric.csproj", "{8E431501-F642-4899-BD69-85E74E525C1E}"
EndProject
Global
	GlobalSection(SolutionConfigurationPlatforms) = preSolution
		Debug|Any CPU = Debug|Any CPU
		Release|Any CPU = Release|Any CPU
	EndGlobalSection
	GlobalSection(ProjectConfigurationPlatforms) = postSolution
		{8E431501-F642-4899-BD69-85E74E525C1E}.Debug|Any CPU.ActiveCfg = Debug|Any CPU
		{8E431501-F642-4899-BD69-85E74E525C1E}.Debug|Any CPU.Build.0 = Debug|Any CPU
		{8E431501-F642-4899-BD69-85E74E525C1E}.Release|Any CPU.ActiveCfg = Release|Any CPU
		{8E431501-F642-4899-BD69-85E74E525C1E}.Release|Any CPU.Build.0 = Release|Any CPU
	EndGlobalSection
	GlobalSection(SolutionProperties) = preSolution
		HideSolutionNode = FALSE
	EndGlobalSection
	GlobalSection(ExtensibilityGlobals) = postSolution
		SolutionGuid = {5A0F6960-2777-43F9-AC40-40A5AC1BEDCB}
	EndGlobalSection
EndGlobal
