
Microsoft Visual Studio Solution File, Format Version 12.00
# Visual Studio Version 16
VisualStudioVersion = 16.0.30804.86
MinimumVisualStudioVersion = 10.0.40219.1
Project("{FAE04EC0-301F-11D3-BF4B-00C04F79EFBC}") = "HandsOnEFUsingDBFirst", "HandsOnEFUsingDBFirst.csproj", "{748A7854-B20B-4FFA-855F-F7195A2DD546}"
EndProject
Global
	GlobalSection(SolutionConfigurationPlatforms) = preSolution
		Debug|Any CPU = Debug|Any CPU
		Release|Any CPU = Release|Any CPU
	EndGlobalSection
	GlobalSection(ProjectConfigurationPlatforms) = postSolution
		{748A7854-B20B-4FFA-855F-F7195A2DD546}.Debug|Any CPU.ActiveCfg = Debug|Any CPU
		{748A7854-B20B-4FFA-855F-F7195A2DD546}.Debug|Any CPU.Build.0 = Debug|Any CPU
		{748A7854-B20B-4FFA-855F-F7195A2DD546}.Release|Any CPU.ActiveCfg = Release|Any CPU
		{748A7854-B20B-4FFA-855F-F7195A2DD546}.Release|Any CPU.Build.0 = Release|Any CPU
	EndGlobalSection
	GlobalSection(SolutionProperties) = preSolution
		HideSolutionNode = FALSE
	EndGlobalSection
	GlobalSection(ExtensibilityGlobals) = postSolution
		SolutionGuid = {B9E22B0C-0FB3-43B6-8147-C089852FCCF2}
	EndGlobalSection
EndGlobal
