
Microsoft Visual Studio Solution File, Format Version 12.00
# Visual Studio Version 16
VisualStudioVersion = 16.0.30523.141
MinimumVisualStudioVersion = 10.0.40219.1
Project("{FAE04EC0-301F-11D3-BF4B-00C04F79EFBC}") = "MyFirstConsoleApp", "MyFirstConsoleApp\MyFirstConsoleApp.csproj", "{D194BD8C-15AC-44C8-9110-8503B1A03254}"
EndProject
Project("{FAE04EC0-301F-11D3-BF4B-00C04F79EFBC}") = "BusinessLayer", "BusinessLayer\BusinessLayer.csproj", "{F50A90C6-7F7F-4415-A6C2-4A7D7268540D}"
EndProject
Global
	GlobalSection(SolutionConfigurationPlatforms) = preSolution
		Debug|Any CPU = Debug|Any CPU
		Release|Any CPU = Release|Any CPU
	EndGlobalSection
	GlobalSection(ProjectConfigurationPlatforms) = postSolution
		{D194BD8C-15AC-44C8-9110-8503B1A03254}.Debug|Any CPU.ActiveCfg = Debug|Any CPU
		{D194BD8C-15AC-44C8-9110-8503B1A03254}.Debug|Any CPU.Build.0 = Debug|Any CPU
		{D194BD8C-15AC-44C8-9110-8503B1A03254}.Release|Any CPU.ActiveCfg = Release|Any CPU
		{D194BD8C-15AC-44C8-9110-8503B1A03254}.Release|Any CPU.Build.0 = Release|Any CPU
		{F50A90C6-7F7F-4415-A6C2-4A7D7268540D}.Debug|Any CPU.ActiveCfg = Debug|Any CPU
		{F50A90C6-7F7F-4415-A6C2-4A7D7268540D}.Debug|Any CPU.Build.0 = Debug|Any CPU
		{F50A90C6-7F7F-4415-A6C2-4A7D7268540D}.Release|Any CPU.ActiveCfg = Release|Any CPU
		{F50A90C6-7F7F-4415-A6C2-4A7D7268540D}.Release|Any CPU.Build.0 = Release|Any CPU
	EndGlobalSection
	GlobalSection(SolutionProperties) = preSolution
		HideSolutionNode = FALSE
	EndGlobalSection
	GlobalSection(ExtensibilityGlobals) = postSolution
		SolutionGuid = {94C4ED90-5D7D-4C6F-8ADC-0060C2104C24}
	EndGlobalSection
EndGlobal
