
Microsoft Visual Studio Solution File, Format Version 12.00
# Visual Studio Version 16
VisualStudioVersion = 16.0.30804.86
MinimumVisualStudioVersion = 10.0.40219.1
Project("{FAE04EC0-301F-11D3-BF4B-00C04F79EFBC}") = "MyFirstAPI", "MyFirstAPI\MyFirstAPI.csproj", "{060AF68E-2E15-415D-B00F-835B9C5CD593}"
EndProject
Global
	GlobalSection(SolutionConfigurationPlatforms) = preSolution
		Debug|Any CPU = Debug|Any CPU
		Release|Any CPU = Release|Any CPU
	EndGlobalSection
	GlobalSection(ProjectConfigurationPlatforms) = postSolution
		{060AF68E-2E15-415D-B00F-835B9C5CD593}.Debug|Any CPU.ActiveCfg = Debug|Any CPU
		{060AF68E-2E15-415D-B00F-835B9C5CD593}.Debug|Any CPU.Build.0 = Debug|Any CPU
		{060AF68E-2E15-415D-B00F-835B9C5CD593}.Release|Any CPU.ActiveCfg = Release|Any CPU
		{060AF68E-2E15-415D-B00F-835B9C5CD593}.Release|Any CPU.Build.0 = Release|Any CPU
	EndGlobalSection
	GlobalSection(SolutionProperties) = preSolution
		HideSolutionNode = FALSE
	EndGlobalSection
	GlobalSection(ExtensibilityGlobals) = postSolution
		SolutionGuid = {AAABE621-8E4C-4325-A7D4-7E03F300F678}
	EndGlobalSection
EndGlobal
